
Microsoft Visual Studio Solution File, Format Version 12.00
# Visual Studio Version 16
VisualStudioVersion = 16.0.31129.286
MinimumVisualStudioVersion = 10.0.40219.1
Project("{8BC9CEB8-8B4A-11D0-8D11-00A0C91BC942}") = "project", "project\project.vcxproj", "{82612B58-D958-4E8D-83C9-A3DF6B132CED}"
	ProjectSection(ProjectDependencies) = postProject
		{04C20B1E-49FB-4355-AE10-A7591BFDF5E8} = {04C20B1E-49FB-4355-AE10-A7591BFDF5E8}
	EndProjectSection
EndProject
Project("{8BC9CEB8-8B4A-11D0-8D11-00A0C91BC942}") = "the-forge-lib", "the-forge-lib\the-forge-lib.vcxproj", "{04C20B1E-49FB-4355-AE10-A7591BFDF5E8}"
EndProject
Global
	GlobalSection(SolutionConfigurationPlatforms) = preSolution
		Debug|x64 = Debug|x64
		Release|x64 = Release|x64
	EndGlobalSection
	GlobalSection(ProjectConfigurationPlatforms) = postSolution
		{82612B58-D958-4E8D-83C9-A3DF6B132CED}.Debug|x64.ActiveCfg = Debug|x64
		{82612B58-D958-4E8D-83C9-A3DF6B132CED}.Debug|x64.Build.0 = Debug|x64
		{82612B58-D958-4E8D-83C9-A3DF6B132CED}.Release|x64.ActiveCfg = Release|x64
		{82612B58-D958-4E8D-83C9-A3DF6B132CED}.Release|x64.Build.0 = Release|x64
		{04C20B1E-49FB-4355-AE10-A7591BFDF5E8}.Debug|x64.ActiveCfg = Debug|x64
		{04C20B1E-49FB-4355-AE10-A7591BFDF5E8}.Debug|x64.Build.0 = Debug|x64
		{04C20B1E-49FB-4355-AE10-A7591BFDF5E8}.Release|x64.ActiveCfg = Release|x64
		{04C20B1E-49FB-4355-AE10-A7591BFDF5E8}.Release|x64.Build.0 = Release|x64
	EndGlobalSection
	GlobalSection(SolutionProperties) = preSolution
		HideSolutionNode = FALSE
	EndGlobalSection
	GlobalSection(ExtensibilityGlobals) = postSolution
		SolutionGuid = {92D1A09E-39C5-40F5-810F-E55AC86F4EA3}
	EndGlobalSection
EndGlobal
